
Microsoft Visual Studio Solution File, Format Version 12.00
# Visual Studio Version 17
VisualStudioVersion = 17.7.34202.233
MinimumVisualStudioVersion = 10.0.40219.1
Project("{FAE04EC0-301F-11D3-BF4B-00C04F79EFBC}") = "firebase1", "firebase1.csproj", "{592E6B5C-B95E-46C5-BFAD-FE4BE80CD0D3}"
EndProject
Global
	GlobalSection(SolutionConfigurationPlatforms) = preSolution
		Debug|Any CPU = Debug|Any CPU
		Release|Any CPU = Release|Any CPU
	EndGlobalSection
	GlobalSection(ProjectConfigurationPlatforms) = postSolution
		{592E6B5C-B95E-46C5-BFAD-FE4BE80CD0D3}.Debug|Any CPU.ActiveCfg = Debug|Any CPU
		{592E6B5C-B95E-46C5-BFAD-FE4BE80CD0D3}.Debug|Any CPU.Build.0 = Debug|Any CPU
		{592E6B5C-B95E-46C5-BFAD-FE4BE80CD0D3}.Release|Any CPU.ActiveCfg = Release|Any CPU
		{592E6B5C-B95E-46C5-BFAD-FE4BE80CD0D3}.Release|Any CPU.Build.0 = Release|Any CPU
	EndGlobalSection
	GlobalSection(SolutionProperties) = preSolution
		HideSolutionNode = FALSE
	EndGlobalSection
	GlobalSection(ExtensibilityGlobals) = postSolution
		SolutionGuid = {D98AA360-D84B-4FBE-9C7B-C54ABE7404DB}
	EndGlobalSection
EndGlobal
